
Microsoft Visual Studio Solution File, Format Version 11.00
# Visual Studio 2010
Project("{FAE04EC0-301F-11D3-BF4B-00C04F79EFBC}") = "Assembly-CSharp", "Assembly-CSharp.csproj", "{e2d436f5-6f7e-40bb-f6eb-7c64a65b74df}"
EndProject
Project("{FAE04EC0-301F-11D3-BF4B-00C04F79EFBC}") = "Mirror.Examples", "Mirror.Examples.csproj", "{cd821a95-dcc4-745b-98a3-68014397698b}"
EndProject
Project("{FAE04EC0-301F-11D3-BF4B-00C04F79EFBC}") = "Mirror.Components", "Mirror.Components.csproj", "{5b02027c-c4a2-c2b7-00fe-27e2c00f238a}"
EndProject
Project("{FAE04EC0-301F-11D3-BF4B-00C04F79EFBC}") = "Mirror", "Mirror.csproj", "{f65d217e-560b-cbf2-db29-e94bfda15e55}"
EndProject
Project("{FAE04EC0-301F-11D3-BF4B-00C04F79EFBC}") = "Ninja.WebSockets", "Ninja.WebSockets.csproj", "{895cfe66-3311-74f6-234f-59aa3f03a95e}"
EndProject
Project("{FAE04EC0-301F-11D3-BF4B-00C04F79EFBC}") = "Mirror.Authenticators", "Mirror.Authenticators.csproj", "{bc535a2a-8f1e-494d-06cf-2fd1dd408e44}"
EndProject
Project("{FAE04EC0-301F-11D3-BF4B-00C04F79EFBC}") = "Mirror.Weaver", "Mirror.Weaver.csproj", "{921feb70-8767-98c1-77fa-99fcbb588e82}"
EndProject
Project("{FAE04EC0-301F-11D3-BF4B-00C04F79EFBC}") = "Mirror.Editor", "Mirror.Editor.csproj", "{717b1723-d78c-f160-8b5f-812c3df778ef}"
EndProject
Project("{FAE04EC0-301F-11D3-BF4B-00C04F79EFBC}") = "Mirror.CompilerSymbols", "Mirror.CompilerSymbols.csproj", "{0b3431c9-549c-0c05-52a9-7e49d67f557d}"
EndProject
Global
	GlobalSection(SolutionConfigurationPlatforms) = preSolution
		Debug|Any CPU = Debug|Any CPU
		Release|Any CPU = Release|Any CPU
	EndGlobalSection
	GlobalSection(ProjectConfigurationPlatforms) = postSolution
		{e2d436f5-6f7e-40bb-f6eb-7c64a65b74df}.Debug|Any CPU.ActiveCfg = Debug|Any CPU
		{e2d436f5-6f7e-40bb-f6eb-7c64a65b74df}.Debug|Any CPU.Build.0 = Debug|Any CPU
		{e2d436f5-6f7e-40bb-f6eb-7c64a65b74df}.Release|Any CPU.ActiveCfg = Release|Any CPU
		{e2d436f5-6f7e-40bb-f6eb-7c64a65b74df}.Release|Any CPU.Build.0 = Release|Any CPU
		{cd821a95-dcc4-745b-98a3-68014397698b}.Debug|Any CPU.ActiveCfg = Debug|Any CPU
		{cd821a95-dcc4-745b-98a3-68014397698b}.Debug|Any CPU.Build.0 = Debug|Any CPU
		{cd821a95-dcc4-745b-98a3-68014397698b}.Release|Any CPU.ActiveCfg = Release|Any CPU
		{cd821a95-dcc4-745b-98a3-68014397698b}.Release|Any CPU.Build.0 = Release|Any CPU
		{5b02027c-c4a2-c2b7-00fe-27e2c00f238a}.Debug|Any CPU.ActiveCfg = Debug|Any CPU
		{5b02027c-c4a2-c2b7-00fe-27e2c00f238a}.Debug|Any CPU.Build.0 = Debug|Any CPU
		{5b02027c-c4a2-c2b7-00fe-27e2c00f238a}.Release|Any CPU.ActiveCfg = Release|Any CPU
		{5b02027c-c4a2-c2b7-00fe-27e2c00f238a}.Release|Any CPU.Build.0 = Release|Any CPU
		{f65d217e-560b-cbf2-db29-e94bfda15e55}.Debug|Any CPU.ActiveCfg = Debug|Any CPU
		{f65d217e-560b-cbf2-db29-e94bfda15e55}.Debug|Any CPU.Build.0 = Debug|Any CPU
		{f65d217e-560b-cbf2-db29-e94bfda15e55}.Release|Any CPU.ActiveCfg = Release|Any CPU
		{f65d217e-560b-cbf2-db29-e94bfda15e55}.Release|Any CPU.Build.0 = Release|Any CPU
		{895cfe66-3311-74f6-234f-59aa3f03a95e}.Debug|Any CPU.ActiveCfg = Debug|Any CPU
		{895cfe66-3311-74f6-234f-59aa3f03a95e}.Debug|Any CPU.Build.0 = Debug|Any CPU
		{895cfe66-3311-74f6-234f-59aa3f03a95e}.Release|Any CPU.ActiveCfg = Release|Any CPU
		{895cfe66-3311-74f6-234f-59aa3f03a95e}.Release|Any CPU.Build.0 = Release|Any CPU
		{bc535a2a-8f1e-494d-06cf-2fd1dd408e44}.Debug|Any CPU.ActiveCfg = Debug|Any CPU
		{bc535a2a-8f1e-494d-06cf-2fd1dd408e44}.Debug|Any CPU.Build.0 = Debug|Any CPU
		{bc535a2a-8f1e-494d-06cf-2fd1dd408e44}.Release|Any CPU.ActiveCfg = Release|Any CPU
		{bc535a2a-8f1e-494d-06cf-2fd1dd408e44}.Release|Any CPU.Build.0 = Release|Any CPU
		{921feb70-8767-98c1-77fa-99fcbb588e82}.Debug|Any CPU.ActiveCfg = Debug|Any CPU
		{921feb70-8767-98c1-77fa-99fcbb588e82}.Debug|Any CPU.Build.0 = Debug|Any CPU
		{921feb70-8767-98c1-77fa-99fcbb588e82}.Release|Any CPU.ActiveCfg = Release|Any CPU
		{921feb70-8767-98c1-77fa-99fcbb588e82}.Release|Any CPU.Build.0 = Release|Any CPU
		{717b1723-d78c-f160-8b5f-812c3df778ef}.Debug|Any CPU.ActiveCfg = Debug|Any CPU
		{717b1723-d78c-f160-8b5f-812c3df778ef}.Debug|Any CPU.Build.0 = Debug|Any CPU
		{717b1723-d78c-f160-8b5f-812c3df778ef}.Release|Any CPU.ActiveCfg = Release|Any CPU
		{717b1723-d78c-f160-8b5f-812c3df778ef}.Release|Any CPU.Build.0 = Release|Any CPU
		{0b3431c9-549c-0c05-52a9-7e49d67f557d}.Debug|Any CPU.ActiveCfg = Debug|Any CPU
		{0b3431c9-549c-0c05-52a9-7e49d67f557d}.Debug|Any CPU.Build.0 = Debug|Any CPU
		{0b3431c9-549c-0c05-52a9-7e49d67f557d}.Release|Any CPU.ActiveCfg = Release|Any CPU
		{0b3431c9-549c-0c05-52a9-7e49d67f557d}.Release|Any CPU.Build.0 = Release|Any CPU
	EndGlobalSection
	GlobalSection(SolutionProperties) = preSolution
		HideSolutionNode = FALSE
	EndGlobalSection
EndGlobal
