
Microsoft Visual Studio Solution File, Format Version 12.00
# Visual Studio 15
Project("{FAE04EC0-301F-11D3-BF4B-00C04F79EFBC}") = "Mirror", "Mirror.csproj", "{7E215DF6-0B56-F2CB-DB29-E94BFDA15E55}"
EndProject
Project("{FAE04EC0-301F-11D3-BF4B-00C04F79EFBC}") = "Assembly-CSharp", "Assembly-CSharp.csproj", "{F536D4E2-7E6F-BB40-F6EB-7C64A65B74DF}"
EndProject
Project("{FAE04EC0-301F-11D3-BF4B-00C04F79EFBC}") = "Mirror.Components", "Mirror.Components.csproj", "{7C02025B-A2C4-B7C2-00FE-27E2C00F238A}"
EndProject
Project("{FAE04EC0-301F-11D3-BF4B-00C04F79EFBC}") = "Ninja.WebSockets", "Ninja.WebSockets.csproj", "{66FE5C89-1133-F674-234F-59AA3F03A95E}"
EndProject
Project("{FAE04EC0-301F-11D3-BF4B-00C04F79EFBC}") = "Mirror.Examples", "Mirror.Examples.csproj", "{951A82CD-C4DC-5B74-98A3-68014397698B}"
EndProject
Project("{FAE04EC0-301F-11D3-BF4B-00C04F79EFBC}") = "Mirror.Authenticators", "Mirror.Authenticators.csproj", "{2A5A53BC-1E8F-4D49-06CF-2FD1DD408E44}"
EndProject
Project("{FAE04EC0-301F-11D3-BF4B-00C04F79EFBC}") = "Mirror.Weaver", "Mirror.Weaver.csproj", "{70EB1F92-6787-C198-77FA-99FCBB588E82}"
EndProject
Project("{FAE04EC0-301F-11D3-BF4B-00C04F79EFBC}") = "Mirror.Editor", "Mirror.Editor.csproj", "{23177B71-8CD7-60F1-8B5F-812C3DF778EF}"
EndProject
Project("{FAE04EC0-301F-11D3-BF4B-00C04F79EFBC}") = "Mirror.CompilerSymbols", "Mirror.CompilerSymbols.csproj", "{C931340B-9C54-050C-52A9-7E49D67F557D}"
EndProject
Global
	GlobalSection(SolutionConfigurationPlatforms) = preSolution
		Debug|Any CPU = Debug|Any CPU
		Release|Any CPU = Release|Any CPU
	EndGlobalSection
	GlobalSection(ProjectConfigurationPlatforms) = postSolution
		{7E215DF6-0B56-F2CB-DB29-E94BFDA15E55}.Debug|Any CPU.ActiveCfg = Debug|Any CPU
		{7E215DF6-0B56-F2CB-DB29-E94BFDA15E55}.Debug|Any CPU.Build.0 = Debug|Any CPU
		{7E215DF6-0B56-F2CB-DB29-E94BFDA15E55}.Release|Any CPU.ActiveCfg = Release|Any CPU
		{7E215DF6-0B56-F2CB-DB29-E94BFDA15E55}.Release|Any CPU.Build.0 = Release|Any CPU
		{F536D4E2-7E6F-BB40-F6EB-7C64A65B74DF}.Debug|Any CPU.ActiveCfg = Debug|Any CPU
		{F536D4E2-7E6F-BB40-F6EB-7C64A65B74DF}.Debug|Any CPU.Build.0 = Debug|Any CPU
		{F536D4E2-7E6F-BB40-F6EB-7C64A65B74DF}.Release|Any CPU.ActiveCfg = Release|Any CPU
		{F536D4E2-7E6F-BB40-F6EB-7C64A65B74DF}.Release|Any CPU.Build.0 = Release|Any CPU
		{7C02025B-A2C4-B7C2-00FE-27E2C00F238A}.Debug|Any CPU.ActiveCfg = Debug|Any CPU
		{7C02025B-A2C4-B7C2-00FE-27E2C00F238A}.Debug|Any CPU.Build.0 = Debug|Any CPU
		{7C02025B-A2C4-B7C2-00FE-27E2C00F238A}.Release|Any CPU.ActiveCfg = Release|Any CPU
		{7C02025B-A2C4-B7C2-00FE-27E2C00F238A}.Release|Any CPU.Build.0 = Release|Any CPU
		{66FE5C89-1133-F674-234F-59AA3F03A95E}.Debug|Any CPU.ActiveCfg = Debug|Any CPU
		{66FE5C89-1133-F674-234F-59AA3F03A95E}.Debug|Any CPU.Build.0 = Debug|Any CPU
		{66FE5C89-1133-F674-234F-59AA3F03A95E}.Release|Any CPU.ActiveCfg = Release|Any CPU
		{66FE5C89-1133-F674-234F-59AA3F03A95E}.Release|Any CPU.Build.0 = Release|Any CPU
		{951A82CD-C4DC-5B74-98A3-68014397698B}.Debug|Any CPU.ActiveCfg = Debug|Any CPU
		{951A82CD-C4DC-5B74-98A3-68014397698B}.Debug|Any CPU.Build.0 = Debug|Any CPU
		{951A82CD-C4DC-5B74-98A3-68014397698B}.Release|Any CPU.ActiveCfg = Release|Any CPU
		{951A82CD-C4DC-5B74-98A3-68014397698B}.Release|Any CPU.Build.0 = Release|Any CPU
		{2A5A53BC-1E8F-4D49-06CF-2FD1DD408E44}.Debug|Any CPU.ActiveCfg = Debug|Any CPU
		{2A5A53BC-1E8F-4D49-06CF-2FD1DD408E44}.Debug|Any CPU.Build.0 = Debug|Any CPU
		{2A5A53BC-1E8F-4D49-06CF-2FD1DD408E44}.Release|Any CPU.ActiveCfg = Release|Any CPU
		{2A5A53BC-1E8F-4D49-06CF-2FD1DD408E44}.Release|Any CPU.Build.0 = Release|Any CPU
		{70EB1F92-6787-C198-77FA-99FCBB588E82}.Debug|Any CPU.ActiveCfg = Debug|Any CPU
		{70EB1F92-6787-C198-77FA-99FCBB588E82}.Debug|Any CPU.Build.0 = Debug|Any CPU
		{70EB1F92-6787-C198-77FA-99FCBB588E82}.Release|Any CPU.ActiveCfg = Release|Any CPU
		{70EB1F92-6787-C198-77FA-99FCBB588E82}.Release|Any CPU.Build.0 = Release|Any CPU
		{23177B71-8CD7-60F1-8B5F-812C3DF778EF}.Debug|Any CPU.ActiveCfg = Debug|Any CPU
		{23177B71-8CD7-60F1-8B5F-812C3DF778EF}.Debug|Any CPU.Build.0 = Debug|Any CPU
		{23177B71-8CD7-60F1-8B5F-812C3DF778EF}.Release|Any CPU.ActiveCfg = Release|Any CPU
		{23177B71-8CD7-60F1-8B5F-812C3DF778EF}.Release|Any CPU.Build.0 = Release|Any CPU
		{C931340B-9C54-050C-52A9-7E49D67F557D}.Debug|Any CPU.ActiveCfg = Debug|Any CPU
		{C931340B-9C54-050C-52A9-7E49D67F557D}.Debug|Any CPU.Build.0 = Debug|Any CPU
		{C931340B-9C54-050C-52A9-7E49D67F557D}.Release|Any CPU.ActiveCfg = Release|Any CPU
		{C931340B-9C54-050C-52A9-7E49D67F557D}.Release|Any CPU.Build.0 = Release|Any CPU
	EndGlobalSection
	GlobalSection(SolutionProperties) = preSolution
		HideSolutionNode = FALSE
	EndGlobalSection
EndGlobal
